
Microsoft Visual Studio Solution File, Format Version 12.00
# Visual Studio Version 16
VisualStudioVersion = 16.0.31205.134
MinimumVisualStudioVersion = 10.0.40219.1
Project("{FAE04EC0-301F-11D3-BF4B-00C04F79EFBC}") = "Calculator1", "Calculator1.csproj", "{3EF26B31-441A-4338-9F65-672C7F5CB81A}"
EndProject
Global
	GlobalSection(SolutionConfigurationPlatforms) = preSolution
		Debug|Any CPU = Debug|Any CPU
		Release|Any CPU = Release|Any CPU
	EndGlobalSection
	GlobalSection(ProjectConfigurationPlatforms) = postSolution
		{3EF26B31-441A-4338-9F65-672C7F5CB81A}.Debug|Any CPU.ActiveCfg = Debug|Any CPU
		{3EF26B31-441A-4338-9F65-672C7F5CB81A}.Debug|Any CPU.Build.0 = Debug|Any CPU
		{3EF26B31-441A-4338-9F65-672C7F5CB81A}.Release|Any CPU.ActiveCfg = Release|Any CPU
		{3EF26B31-441A-4338-9F65-672C7F5CB81A}.Release|Any CPU.Build.0 = Release|Any CPU
	EndGlobalSection
	GlobalSection(SolutionProperties) = preSolution
		HideSolutionNode = FALSE
	EndGlobalSection
	GlobalSection(ExtensibilityGlobals) = postSolution
		SolutionGuid = {6C439AAF-1908-47FE-B14F-1F9B502966B4}
	EndGlobalSection
EndGlobal
