
Microsoft Visual Studio Solution File, Format Version 12.00
# Visual Studio Version 16
VisualStudioVersion = 16.0.31402.337
MinimumVisualStudioVersion = 10.0.40219.1
Project("{FAE04EC0-301F-11D3-BF4B-00C04F79EFBC}") = "storeprocedure", "storeprocedure.csproj", "{D3B20C2E-3D93-4690-ADE0-EB3500083F04}"
EndProject
Global
	GlobalSection(SolutionConfigurationPlatforms) = preSolution
		Debug|Any CPU = Debug|Any CPU
		Release|Any CPU = Release|Any CPU
	EndGlobalSection
	GlobalSection(ProjectConfigurationPlatforms) = postSolution
		{D3B20C2E-3D93-4690-ADE0-EB3500083F04}.Debug|Any CPU.ActiveCfg = Debug|Any CPU
		{D3B20C2E-3D93-4690-ADE0-EB3500083F04}.Debug|Any CPU.Build.0 = Debug|Any CPU
		{D3B20C2E-3D93-4690-ADE0-EB3500083F04}.Release|Any CPU.ActiveCfg = Release|Any CPU
		{D3B20C2E-3D93-4690-ADE0-EB3500083F04}.Release|Any CPU.Build.0 = Release|Any CPU
	EndGlobalSection
	GlobalSection(SolutionProperties) = preSolution
		HideSolutionNode = FALSE
	EndGlobalSection
	GlobalSection(ExtensibilityGlobals) = postSolution
		SolutionGuid = {FD20843B-9A84-490F-B4D6-E7F3D69276EC}
	EndGlobalSection
EndGlobal
