
Microsoft Visual Studio Solution File, Format Version 12.00
# Visual Studio Version 16
VisualStudioVersion = 16.0.31402.337
MinimumVisualStudioVersion = 10.0.40219.1
Project("{FAE04EC0-301F-11D3-BF4B-00C04F79EFBC}") = "controlbind", "controlbind.csproj", "{7C1DC558-294F-4BB0-8229-393F7A46B9E4}"
EndProject
Global
	GlobalSection(SolutionConfigurationPlatforms) = preSolution
		Debug|Any CPU = Debug|Any CPU
		Release|Any CPU = Release|Any CPU
	EndGlobalSection
	GlobalSection(ProjectConfigurationPlatforms) = postSolution
		{7C1DC558-294F-4BB0-8229-393F7A46B9E4}.Debug|Any CPU.ActiveCfg = Debug|Any CPU
		{7C1DC558-294F-4BB0-8229-393F7A46B9E4}.Debug|Any CPU.Build.0 = Debug|Any CPU
		{7C1DC558-294F-4BB0-8229-393F7A46B9E4}.Release|Any CPU.ActiveCfg = Release|Any CPU
		{7C1DC558-294F-4BB0-8229-393F7A46B9E4}.Release|Any CPU.Build.0 = Release|Any CPU
	EndGlobalSection
	GlobalSection(SolutionProperties) = preSolution
		HideSolutionNode = FALSE
	EndGlobalSection
	GlobalSection(ExtensibilityGlobals) = postSolution
		SolutionGuid = {FFFB8E2B-2994-40A8-82BA-EE3263280C66}
	EndGlobalSection
EndGlobal
